// !$*UTF8*$!
{
	archiveVersion = 1;
	classes = {
	};
	objectVersion = 46;
	objects = {

/* Begin PBXBuildFile section */
		3A4749821AA9EE77001047BE /* main.m in Sources */ = {isa = PBXBuildFile; fileRef = 3A4749811AA9EE77001047BE /* main.m */; };
		3A4749851AA9EE77001047BE /* AppDelegate.m in Sources */ = {isa = PBXBuildFile; fileRef = 3A4749841AA9EE77001047BE /* AppDelegate.m */; };
		3A4749881AA9EE77001047BE /* MoonRunner.xcdatamodeld in Sources */ = {isa = PBXBuildFile; fileRef = 3A4749861AA9EE77001047BE /* MoonRunner.xcdatamodeld */; };
		3A4749931AA9EE77001047BE /* Images.xcassets in Resources */ = {isa = PBXBuildFile; fileRef = 3A4749921AA9EE77001047BE /* Images.xcassets */; };
		3A4749961AA9EE77001047BE /* LaunchScreen.xib in Resources */ = {isa = PBXBuildFile; fileRef = 3A4749941AA9EE77001047BE /* LaunchScreen.xib */; };
		3A4749A21AA9EE77001047BE /* MoonRunnerTests.m in Sources */ = {isa = PBXBuildFile; fileRef = 3A4749A11AA9EE77001047BE /* MoonRunnerTests.m */; };
		3A4749C51AA9F1C4001047BE /* DetailViewController.m in Sources */ = {isa = PBXBuildFile; fileRef = 3A4749C21AA9F1C4001047BE /* DetailViewController.m */; };
		3A4749C81AA9F23F001047BE /* Main.storyboard in Resources */ = {isa = PBXBuildFile; fileRef = 3A4749C71AA9F23F001047BE /* Main.storyboard */; };
		3A4749CB1AAA08EC001047BE /* HomeViewController.m in Sources */ = {isa = PBXBuildFile; fileRef = 3A4749CA1AAA08EC001047BE /* HomeViewController.m */; };
		3A4749CE1AAA091C001047BE /* NewRunViewController.m in Sources */ = {isa = PBXBuildFile; fileRef = 3A4749CD1AAA091C001047BE /* NewRunViewController.m */; };
		3A4749D01AAA0CC5001047BE /* MapKit.framework in Frameworks */ = {isa = PBXBuildFile; fileRef = 3A4749CF1AAA0CC5001047BE /* MapKit.framework */; };
		3AB2CDF71AAB263A0042276A /* MulticolorPolylineSegment.m in Sources */ = {isa = PBXBuildFile; fileRef = 3AB2CDF61AAB263A0042276A /* MulticolorPolylineSegment.m */; };
		3AB2CDF91AAB2B740042276A /* Default-568h@2x.png in Resources */ = {isa = PBXBuildFile; fileRef = 3AB2CDF81AAB2B740042276A /* Default-568h@2x.png */; };
		3AC67A041AAA288100E4DEA6 /* MathController.m in Sources */ = {isa = PBXBuildFile; fileRef = 3AC67A031AAA288100E4DEA6 /* MathController.m */; };
		3AC67A071AAA36D100E4DEA6 /* Location.m in Sources */ = {isa = PBXBuildFile; fileRef = 3AC67A061AAA36D100E4DEA6 /* Location.m */; };
		3AC67A0A1AAA36D200E4DEA6 /* Run.m in Sources */ = {isa = PBXBuildFile; fileRef = 3AC67A091AAA36D200E4DEA6 /* Run.m */; };
/* End PBXBuildFile section */

/* Begin PBXContainerItemProxy section */
		3A47499C1AA9EE77001047BE /* PBXContainerItemProxy */ = {
			isa = PBXContainerItemProxy;
			containerPortal = 3A4749741AA9EE77001047BE /* Project object */;
			proxyType = 1;
			remoteGlobalIDString = 3A47497B1AA9EE77001047BE;
			remoteInfo = MoonRunner;
		};
/* End PBXContainerItemProxy section */

/* Begin PBXFileReference section */
		3A47497C1AA9EE77001047BE /* MoonRunner.app */ = {isa = PBXFileReference; explicitFileType = wrapper.application; includeInIndex = 0; path = MoonRunner.app; sourceTree = BUILT_PRODUCTS_DIR; };
		3A4749801AA9EE77001047BE /* Info.plist */ = {isa = PBXFileReference; lastKnownFileType = text.plist.xml; path = Info.plist; sourceTree = "<group>"; };
		3A4749811AA9EE77001047BE /* main.m */ = {isa = PBXFileReference; lastKnownFileType = sourcecode.c.objc; path = main.m; sourceTree = "<group>"; };
		3A4749831AA9EE77001047BE /* AppDelegate.h */ = {isa = PBXFileReference; lastKnownFileType = sourcecode.c.h; path = AppDelegate.h; sourceTree = "<group>"; };
		3A4749841AA9EE77001047BE /* AppDelegate.m */ = {isa = PBXFileReference; lastKnownFileType = sourcecode.c.objc; path = AppDelegate.m; sourceTree = "<group>"; };
		3A4749871AA9EE77001047BE /* MoonRunner.xcdatamodel */ = {isa = PBXFileReference; lastKnownFileType = wrapper.xcdatamodel; path = MoonRunner.xcdatamodel; sourceTree = "<group>"; };
		3A4749921AA9EE77001047BE /* Images.xcassets */ = {isa = PBXFileReference; lastKnownFileType = folder.assetcatalog; path = Images.xcassets; sourceTree = "<group>"; };
		3A4749951AA9EE77001047BE /* Base */ = {isa = PBXFileReference; lastKnownFileType = file.xib; name = Base; path = Base.lproj/LaunchScreen.xib; sourceTree = "<group>"; };
		3A47499B1AA9EE77001047BE /* MoonRunnerTests.xctest */ = {isa = PBXFileReference; explicitFileType = wrapper.cfbundle; includeInIndex = 0; path = MoonRunnerTests.xctest; sourceTree = BUILT_PRODUCTS_DIR; };
		3A4749A01AA9EE77001047BE /* Info.plist */ = {isa = PBXFileReference; lastKnownFileType = text.plist.xml; path = Info.plist; sourceTree = "<group>"; };
		3A4749A11AA9EE77001047BE /* MoonRunnerTests.m */ = {isa = PBXFileReference; lastKnownFileType = sourcecode.c.objc; path = MoonRunnerTests.m; sourceTree = "<group>"; };
		3A4749C11AA9F1C4001047BE /* DetailViewController.h */ = {isa = PBXFileReference; fileEncoding = 4; lastKnownFileType = sourcecode.c.h; name = DetailViewController.h; path = Controller/DetailViewController.h; sourceTree = "<group>"; };
		3A4749C21AA9F1C4001047BE /* DetailViewController.m */ = {isa = PBXFileReference; fileEncoding = 4; lastKnownFileType = sourcecode.c.objc; name = DetailViewController.m; path = Controller/DetailViewController.m; sourceTree = "<group>"; };
		3A4749C71AA9F23F001047BE /* Main.storyboard */ = {isa = PBXFileReference; fileEncoding = 4; lastKnownFileType = file.storyboard; path = Main.storyboard; sourceTree = "<group>"; };
		3A4749C91AAA08EC001047BE /* HomeViewController.h */ = {isa = PBXFileReference; fileEncoding = 4; lastKnownFileType = sourcecode.c.h; name = HomeViewController.h; path = Controller/HomeViewController.h; sourceTree = "<group>"; };
		3A4749CA1AAA08EC001047BE /* HomeViewController.m */ = {isa = PBXFileReference; fileEncoding = 4; lastKnownFileType = sourcecode.c.objc; name = HomeViewController.m; path = Controller/HomeViewController.m; sourceTree = "<group>"; };
		3A4749CC1AAA091C001047BE /* NewRunViewController.h */ = {isa = PBXFileReference; fileEncoding = 4; lastKnownFileType = sourcecode.c.h; name = NewRunViewController.h; path = Controller/NewRunViewController.h; sourceTree = "<group>"; };
		3A4749CD1AAA091C001047BE /* NewRunViewController.m */ = {isa = PBXFileReference; fileEncoding = 4; lastKnownFileType = sourcecode.c.objc; name = NewRunViewController.m; path = Controller/NewRunViewController.m; sourceTree = "<group>"; };
		3A4749CF1AAA0CC5001047BE /* MapKit.framework */ = {isa = PBXFileReference; lastKnownFileType = wrapper.framework; name = MapKit.framework; path = System/Library/Frameworks/MapKit.framework; sourceTree = SDKROOT; };
		3AB2CDF51AAB263A0042276A /* MulticolorPolylineSegment.h */ = {isa = PBXFileReference; fileEncoding = 4; lastKnownFileType = sourcecode.c.h; path = MulticolorPolylineSegment.h; sourceTree = "<group>"; };
		3AB2CDF61AAB263A0042276A /* MulticolorPolylineSegment.m */ = {isa = PBXFileReference; fileEncoding = 4; lastKnownFileType = sourcecode.c.objc; path = MulticolorPolylineSegment.m; sourceTree = "<group>"; };
		3AB2CDF81AAB2B740042276A /* Default-568h@2x.png */ = {isa = PBXFileReference; lastKnownFileType = image.png; name = "Default-568h@2x.png"; path = "../Default-568h@2x.png"; sourceTree = "<group>"; };
		3AC67A021AAA288100E4DEA6 /* MathController.h */ = {isa = PBXFileReference; fileEncoding = 4; lastKnownFileType = sourcecode.c.h; name = MathController.h; path = Controller/MathController.h; sourceTree = "<group>"; };
		3AC67A031AAA288100E4DEA6 /* MathController.m */ = {isa = PBXFileReference; fileEncoding = 4; lastKnownFileType = sourcecode.c.objc; name = MathController.m; path = Controller/MathController.m; sourceTree = "<group>"; };
		3AC67A051AAA36D100E4DEA6 /* Location.h */ = {isa = PBXFileReference; fileEncoding = 4; lastKnownFileType = sourcecode.c.h; path = Location.h; sourceTree = "<group>"; };
		3AC67A061AAA36D100E4DEA6 /* Location.m */ = {isa = PBXFileReference; fileEncoding = 4; lastKnownFileType = sourcecode.c.objc; path = Location.m; sourceTree = "<group>"; };
		3AC67A081AAA36D200E4DEA6 /* Run.h */ = {isa = PBXFileReference; fileEncoding = 4; lastKnownFileType = sourcecode.c.h; path = Run.h; sourceTree = "<group>"; };
		3AC67A091AAA36D200E4DEA6 /* Run.m */ = {isa = PBXFileReference; fileEncoding = 4; lastKnownFileType = sourcecode.c.objc; path = Run.m; sourceTree = "<group>"; };
/* End PBXFileReference section */

/* Begin PBXFrameworksBuildPhase section */
		3A4749791AA9EE77001047BE /* Frameworks */ = {
			isa = PBXFrameworksBuildPhase;
			buildActionMask = 2147483647;
			files = (
				3A4749D01AAA0CC5001047BE /* MapKit.framework in Frameworks */,
			);
			runOnlyForDeploymentPostprocessing = 0;
		};
		3A4749981AA9EE77001047BE /* Frameworks */ = {
			isa = PBXFrameworksBuildPhase;
			buildActionMask = 2147483647;
			files = (
			);
			runOnlyForDeploymentPostprocessing = 0;
		};
/* End PBXFrameworksBuildPhase section */

/* Begin PBXGroup section */
		3A4749731AA9EE77001047BE = {
			isa = PBXGroup;
			children = (
				3A4749CF1AAA0CC5001047BE /* MapKit.framework */,
				3A47497E1AA9EE77001047BE /* MoonRunner */,
				3A47499E1AA9EE77001047BE /* MoonRunnerTests */,
				3A47497D1AA9EE77001047BE /* Products */,
			);
			sourceTree = "<group>";
		};
		3A47497D1AA9EE77001047BE /* Products */ = {
			isa = PBXGroup;
			children = (
				3A47497C1AA9EE77001047BE /* MoonRunner.app */,
				3A47499B1AA9EE77001047BE /* MoonRunnerTests.xctest */,
			);
			name = Products;
			sourceTree = "<group>";
		};
		3A47497E1AA9EE77001047BE /* MoonRunner */ = {
			isa = PBXGroup;
			children = (
				3A4749B81AA9F06F001047BE /* Model */,
				3A4749C01AA9F0CD001047BE /* Controller */,
				3A4749831AA9EE77001047BE /* AppDelegate.h */,
				3A4749841AA9EE77001047BE /* AppDelegate.m */,
				3A4749C71AA9F23F001047BE /* Main.storyboard */,
				3A4749921AA9EE77001047BE /* Images.xcassets */,
				3AB2CDF81AAB2B740042276A /* Default-568h@2x.png */,
				3A4749941AA9EE77001047BE /* LaunchScreen.xib */,
				3A4749861AA9EE77001047BE /* MoonRunner.xcdatamodeld */,
				3A47497F1AA9EE77001047BE /* Supporting Files */,
			);
			path = MoonRunner;
			sourceTree = "<group>";
		};
		3A47497F1AA9EE77001047BE /* Supporting Files */ = {
			isa = PBXGroup;
			children = (
				3A4749801AA9EE77001047BE /* Info.plist */,
				3A4749811AA9EE77001047BE /* main.m */,
			);
			name = "Supporting Files";
			sourceTree = "<group>";
		};
		3A47499E1AA9EE77001047BE /* MoonRunnerTests */ = {
			isa = PBXGroup;
			children = (
				3A4749A11AA9EE77001047BE /* MoonRunnerTests.m */,
				3A47499F1AA9EE77001047BE /* Supporting Files */,
			);
			path = MoonRunnerTests;
			sourceTree = "<group>";
		};
		3A47499F1AA9EE77001047BE /* Supporting Files */ = {
			isa = PBXGroup;
			children = (
				3A4749A01AA9EE77001047BE /* Info.plist */,
			);
			name = "Supporting Files";
			sourceTree = "<group>";
		};
		3A4749B81AA9F06F001047BE /* Model */ = {
			isa = PBXGroup;
			children = (
				3AC67A081AAA36D200E4DEA6 /* Run.h */,
				3AC67A091AAA36D200E4DEA6 /* Run.m */,
				3AC67A051AAA36D100E4DEA6 /* Location.h */,
				3AC67A061AAA36D100E4DEA6 /* Location.m */,
				3AB2CDF51AAB263A0042276A /* MulticolorPolylineSegment.h */,
				3AB2CDF61AAB263A0042276A /* MulticolorPolylineSegment.m */,
			);
			name = Model;
			sourceTree = "<group>";
		};
		3A4749C01AA9F0CD001047BE /* Controller */ = {
			isa = PBXGroup;
			children = (
				3A4749C91AAA08EC001047BE /* HomeViewController.h */,
				3A4749CA1AAA08EC001047BE /* HomeViewController.m */,
				3A4749CC1AAA091C001047BE /* NewRunViewController.h */,
				3A4749CD1AAA091C001047BE /* NewRunViewController.m */,
				3A4749C11AA9F1C4001047BE /* DetailViewController.h */,
				3A4749C21AA9F1C4001047BE /* DetailViewController.m */,
				3AC67A021AAA288100E4DEA6 /* MathController.h */,
				3AC67A031AAA288100E4DEA6 /* MathController.m */,
			);
			name = Controller;
			sourceTree = "<group>";
		};
/* End PBXGroup section */

/* Begin PBXNativeTarget section */
		3A47497B1AA9EE77001047BE /* MoonRunner */ = {
			isa = PBXNativeTarget;
			buildConfigurationList = 3A4749A51AA9EE77001047BE /* Build configuration list for PBXNativeTarget "MoonRunner" */;
			buildPhases = (
				3A4749781AA9EE77001047BE /* Sources */,
				3A4749791AA9EE77001047BE /* Frameworks */,
				3A47497A1AA9EE77001047BE /* Resources */,
			);
			buildRules = (
			);
			dependencies = (
			);
			name = MoonRunner;
			productName = MoonRunner;
			productReference = 3A47497C1AA9EE77001047BE /* MoonRunner.app */;
			productType = "com.apple.product-type.application";
		};
		3A47499A1AA9EE77001047BE /* MoonRunnerTests */ = {
			isa = PBXNativeTarget;
			buildConfigurationList = 3A4749A81AA9EE77001047BE /* Build configuration list for PBXNativeTarget "MoonRunnerTests" */;
			buildPhases = (
				3A4749971AA9EE77001047BE /* Sources */,
				3A4749981AA9EE77001047BE /* Frameworks */,
				3A4749991AA9EE77001047BE /* Resources */,
			);
			buildRules = (
			);
			dependencies = (
				3A47499D1AA9EE77001047BE /* PBXTargetDependency */,
			);
			name = MoonRunnerTests;
			productName = MoonRunnerTests;
			productReference = 3A47499B1AA9EE77001047BE /* MoonRunnerTests.xctest */;
			productType = "com.apple.product-type.bundle.unit-test";
		};
/* End PBXNativeTarget section */

/* Begin PBXProject section */
		3A4749741AA9EE77001047BE /* Project object */ = {
			isa = PBXProject;
			attributes = {
				LastUpgradeCheck = 0600;
				ORGANIZATIONNAME = MarceloDessal;
				TargetAttributes = {
					3A47497B1AA9EE77001047BE = {
						CreatedOnToolsVersion = 6.0;
						SystemCapabilities = {
							com.apple.BackgroundModes = {
								enabled = 1;
							};
						};
					};
					3A47499A1AA9EE77001047BE = {
						CreatedOnToolsVersion = 6.0;
						TestTargetID = 3A47497B1AA9EE77001047BE;
					};
				};
			};
			buildConfigurationList = 3A4749771AA9EE77001047BE /* Build configuration list for PBXProject "MoonRunner" */;
			compatibilityVersion = "Xcode 3.2";
			developmentRegion = English;
			hasScannedForEncodings = 0;
			knownRegions = (
				en,
				Base,
			);
			mainGroup = 3A4749731AA9EE77001047BE;
			productRefGroup = 3A47497D1AA9EE77001047BE /* Products */;
			projectDirPath = "";
			projectRoot = "";
			targets = (
				3A47497B1AA9EE77001047BE /* MoonRunner */,
				3A47499A1AA9EE77001047BE /* MoonRunnerTests */,
			);
		};
/* End PBXProject section */

/* Begin PBXResourcesBuildPhase section */
		3A47497A1AA9EE77001047BE /* Resources */ = {
			isa = PBXResourcesBuildPhase;
			buildActionMask = 2147483647;
			files = (
				3A4749C81AA9F23F001047BE /* Main.storyboard in Resources */,
				3AB2CDF91AAB2B740042276A /* Default-568h@2x.png in Resources */,
				3A4749961AA9EE77001047BE /* LaunchScreen.xib in Resources */,
				3A4749931AA9EE77001047BE /* Images.xcassets in Resources */,
			);
			runOnlyForDeploymentPostprocessing = 0;
		};
		3A4749991AA9EE77001047BE /* Resources */ = {
			isa = PBXResourcesBuildPhase;
			buildActionMask = 2147483647;
			files = (
			);
			runOnlyForDeploymentPostprocessing = 0;
		};
/* End PBXResourcesBuildPhase section */

/* Begin PBXSourcesBuildPhase section */
		3A4749781AA9EE77001047BE /* Sources */ = {
			isa = PBXSourcesBuildPhase;
			buildActionMask = 2147483647;
			files = (
				3AC67A0A1AAA36D200E4DEA6 /* Run.m in Sources */,
				3A4749851AA9EE77001047BE /* AppDelegate.m in Sources */,
				3AC67A041AAA288100E4DEA6 /* MathController.m in Sources */,
				3AB2CDF71AAB263A0042276A /* MulticolorPolylineSegment.m in Sources */,
				3A4749881AA9EE77001047BE /* MoonRunner.xcdatamodeld in Sources */,
				3A4749821AA9EE77001047BE /* main.m in Sources */,
				3A4749CB1AAA08EC001047BE /* HomeViewController.m in Sources */,
				3A4749C51AA9F1C4001047BE /* DetailViewController.m in Sources */,
				3AC67A071AAA36D100E4DEA6 /* Location.m in Sources */,
				3A4749CE1AAA091C001047BE /* NewRunViewController.m in Sources */,
			);
			runOnlyForDeploymentPostprocessing = 0;
		};
		3A4749971AA9EE77001047BE /* Sources */ = {
			isa = PBXSourcesBuildPhase;
			buildActionMask = 2147483647;
			files = (
				3A4749A21AA9EE77001047BE /* MoonRunnerTests.m in Sources */,
			);
			runOnlyForDeploymentPostprocessing = 0;
		};
/* End PBXSourcesBuildPhase section */

/* Begin PBXTargetDependency section */
		3A47499D1AA9EE77001047BE /* PBXTargetDependency */ = {
			isa = PBXTargetDependency;
			target = 3A47497B1AA9EE77001047BE /* MoonRunner */;
			targetProxy = 3A47499C1AA9EE77001047BE /* PBXContainerItemProxy */;
		};
/* End PBXTargetDependency section */

/* Begin PBXVariantGroup section */
		3A4749941AA9EE77001047BE /* LaunchScreen.xib */ = {
			isa = PBXVariantGroup;
			children = (
				3A4749951AA9EE77001047BE /* Base */,
			);
			name = LaunchScreen.xib;
			sourceTree = "<group>";
		};
/* End PBXVariantGroup section */

/* Begin XCBuildConfiguration section */
		3A4749A31AA9EE77001047BE /* Debug */ = {
			isa = XCBuildConfiguration;
			buildSettings = {
				ALWAYS_SEARCH_USER_PATHS = NO;
				CLANG_CXX_LANGUAGE_STANDARD = "gnu++0x";
				CLANG_CXX_LIBRARY = "libc++";
				CLANG_ENABLE_MODULES = YES;
				CLANG_ENABLE_OBJC_ARC = YES;
				CLANG_WARN_BOOL_CONVERSION = YES;
				CLANG_WARN_CONSTANT_CONVERSION = YES;
				CLANG_WARN_DIRECT_OBJC_ISA_USAGE = YES_ERROR;
				CLANG_WARN_EMPTY_BODY = YES;
				CLANG_WARN_ENUM_CONVERSION = YES;
				CLANG_WARN_INT_CONVERSION = YES;
				CLANG_WARN_OBJC_ROOT_CLASS = YES_ERROR;
				CLANG_WARN_UNREACHABLE_CODE = YES;
				CLANG_WARN__DUPLICATE_METHOD_MATCH = YES;
				"CODE_SIGN_IDENTITY[sdk=iphoneos*]" = "iPhone Developer";
				COPY_PHASE_STRIP = NO;
				ENABLE_STRICT_OBJC_MSGSEND = YES;
				GCC_C_LANGUAGE_STANDARD = gnu99;
				GCC_DYNAMIC_NO_PIC = NO;
				GCC_OPTIMIZATION_LEVEL = 0;
				GCC_PREPROCESSOR_DEFINITIONS = (
					"DEBUG=1",
					"$(inherited)",
				);
				GCC_SYMBOLS_PRIVATE_EXTERN = NO;
				GCC_WARN_64_TO_32_BIT_CONVERSION = YES;
				GCC_WARN_ABOUT_RETURN_TYPE = YES_ERROR;
				GCC_WARN_UNDECLARED_SELECTOR = YES;
				GCC_WARN_UNINITIALIZED_AUTOS = YES_AGGRESSIVE;
				GCC_WARN_UNUSED_FUNCTION = YES;
				GCC_WARN_UNUSED_VARIABLE = YES;
				IPHONEOS_DEPLOYMENT_TARGET = 7.1;
				MTL_ENABLE_DEBUG_INFO = YES;
				ONLY_ACTIVE_ARCH = YES;
				SDKROOT = iphoneos;
			};
			name = Debug;
		};
		3A4749A41AA9EE77001047BE /* Release */ = {
			isa = XCBuildConfiguration;
			buildSettings = {
				ALWAYS_SEARCH_USER_PATHS = NO;
				CLANG_CXX_LANGUAGE_STANDARD = "gnu++0x";
				CLANG_CXX_LIBRARY = "libc++";
				CLANG_ENABLE_MODULES = YES;
				CLANG_ENABLE_OBJC_ARC = YES;
				CLANG_WARN_BOOL_CONVERSION = YES;
				CLANG_WARN_CONSTANT_CONVERSION = YES;
				CLANG_WARN_DIRECT_OBJC_ISA_USAGE = YES_ERROR;
				CLANG_WARN_EMPTY_BODY = YES;
				CLANG_WARN_ENUM_CONVERSION = YES;
				CLANG_WARN_INT_CONVERSION = YES;
				CLANG_WARN_OBJC_ROOT_CLASS = YES_ERROR;
				CLANG_WARN_UNREACHABLE_CODE = YES;
				CLANG_WARN__DUPLICATE_METHOD_MATCH = YES;
				"CODE_SIGN_IDENTITY[sdk=iphoneos*]" = "iPhone Developer";
				COPY_PHASE_STRIP = YES;
				ENABLE_NS_ASSERTIONS = NO;
				ENABLE_STRICT_OBJC_MSGSEND = YES;
				GCC_C_LANGUAGE_STANDARD = gnu99;
				GCC_WARN_64_TO_32_BIT_CONVERSION = YES;
				GCC_WARN_ABOUT_RETURN_TYPE = YES_ERROR;
				GCC_WARN_UNDECLARED_SELECTOR = YES;
				GCC_WARN_UNINITIALIZED_AUTOS = YES_AGGRESSIVE;
				GCC_WARN_UNUSED_FUNCTION = YES;
				GCC_WARN_UNUSED_VARIABLE = YES;
				IPHONEOS_DEPLOYMENT_TARGET = 7.1;
				MTL_ENABLE_DEBUG_INFO = NO;
				SDKROOT = iphoneos;
				VALIDATE_PRODUCT = YES;
			};
			name = Release;
		};
		3A4749A61AA9EE77001047BE /* Debug */ = {
			isa = XCBuildConfiguration;
			buildSettings = {
				ASSETCATALOG_COMPILER_APPICON_NAME = AppIcon;
				INFOPLIST_FILE = MoonRunner/Info.plist;
				IPHONEOS_DEPLOYMENT_TARGET = 7.1;
				LD_RUNPATH_SEARCH_PATHS = "$(inherited) @executable_path/Frameworks";
				PRODUCT_NAME = "$(TARGET_NAME)";
				TARGETED_DEVICE_FAMILY = 1;
			};
			name = Debug;
		};
		3A4749A71AA9EE77001047BE /* Release */ = {
			isa = XCBuildConfiguration;
			buildSettings = {
				ASSETCATALOG_COMPILER_APPICON_NAME = AppIcon;
				INFOPLIST_FILE = MoonRunner/Info.plist;
				IPHONEOS_DEPLOYMENT_TARGET = 7.1;
				LD_RUNPATH_SEARCH_PATHS = "$(inherited) @executable_path/Frameworks";
				PRODUCT_NAME = "$(TARGET_NAME)";
				TARGETED_DEVICE_FAMILY = 1;
			};
			name = Release;
		};
		3A4749A91AA9EE77001047BE /* Debug */ = {
			isa = XCBuildConfiguration;
			buildSettings = {
				BUNDLE_LOADER = "$(TEST_HOST)";
				FRAMEWORK_SEARCH_PATHS = (
					"$(SDKROOT)/Developer/Library/Frameworks",
					"$(inherited)",
				);
				GCC_PREPROCESSOR_DEFINITIONS = (
					"DEBUG=1",
					"$(inherited)",
				);
				INFOPLIST_FILE = MoonRunnerTests/Info.plist;
				LD_RUNPATH_SEARCH_PATHS = "$(inherited) @executable_path/Frameworks @loader_path/Frameworks";
				PRODUCT_NAME = "$(TARGET_NAME)";
				TEST_HOST = "$(BUILT_PRODUCTS_DIR)/MoonRunner.app/MoonRunner";
			};
			name = Debug;
		};
		3A4749AA1AA9EE77001047BE /* Release */ = {
			isa = XCBuildConfiguration;
			buildSettings = {
				BUNDLE_LOADER = "$(TEST_HOST)";
				FRAMEWORK_SEARCH_PATHS = (
					"$(SDKROOT)/Developer/Library/Frameworks",
					"$(inherited)",
				);
				INFOPLIST_FILE = MoonRunnerTests/Info.plist;
				LD_RUNPATH_SEARCH_PATHS = "$(inherited) @executable_path/Frameworks @loader_path/Frameworks";
				PRODUCT_NAME = "$(TARGET_NAME)";
				TEST_HOST = "$(BUILT_PRODUCTS_DIR)/MoonRunner.app/MoonRunner";
			};
			name = Release;
		};
/* End XCBuildConfiguration section */

/* Begin XCConfigurationList section */
		3A4749771AA9EE77001047BE /* Build configuration list for PBXProject "MoonRunner" */ = {
			isa = XCConfigurationList;
			buildConfigurations = (
				3A4749A31AA9EE77001047BE /* Debug */,
				3A4749A41AA9EE77001047BE /* Release */,
			);
			defaultConfigurationIsVisible = 0;
			defaultConfigurationName = Release;
		};
		3A4749A51AA9EE77001047BE /* Build configuration list for PBXNativeTarget "MoonRunner" */ = {
			isa = XCConfigurationList;
			buildConfigurations = (
				3A4749A61AA9EE77001047BE /* Debug */,
				3A4749A71AA9EE77001047BE /* Release */,
			);
			defaultConfigurationIsVisible = 0;
			defaultConfigurationName = Release;
		};
		3A4749A81AA9EE77001047BE /* Build configuration list for PBXNativeTarget "MoonRunnerTests" */ = {
			isa = XCConfigurationList;
			buildConfigurations = (
				3A4749A91AA9EE77001047BE /* Debug */,
				3A4749AA1AA9EE77001047BE /* Release */,
			);
			defaultConfigurationIsVisible = 0;
			defaultConfigurationName = Release;
		};
/* End XCConfigurationList section */

/* Begin XCVersionGroup section */
		3A4749861AA9EE77001047BE /* MoonRunner.xcdatamodeld */ = {
			isa = XCVersionGroup;
			children = (
				3A4749871AA9EE77001047BE /* MoonRunner.xcdatamodel */,
			);
			currentVersion = 3A4749871AA9EE77001047BE /* MoonRunner.xcdatamodel */;
			path = MoonRunner.xcdatamodeld;
			sourceTree = "<group>";
			versionGroupType = wrapper.xcdatamodel;
		};
/* End XCVersionGroup section */
	};
	rootObject = 3A4749741AA9EE77001047BE /* Project object */;
}
